// !$*UTF8*$!
{
	archiveVersion = 1;
	classes = {
	};
	objectVersion = 46;
	objects = {

/* Begin PBXBuildFile section */
		0264C6C9BF15A2D5E0204372 /* libPods-FlowMenuAnimation.a in Frameworks */ = {isa = PBXBuildFile; fileRef = 22821FF2891A7A11F1062330 /* libPods-FlowMenuAnimation.a */; };
		09B3C2131D256A7200BA0211 /* AssignPointModel.m in Sources */ = {isa = PBXBuildFile; fileRef = 09B3C2121D256A7200BA0211 /* AssignPointModel.m */; };
		09B3C2161D2922C700BA0211 /* UIView+SetSize.m in Sources */ = {isa = PBXBuildFile; fileRef = 09B3C2151D2922C700BA0211 /* UIView+SetSize.m */; };
		09B3C2191D2925DC00BA0211 /* StartBtn.m in Sources */ = {isa = PBXBuildFile; fileRef = 09B3C2181D2925DC00BA0211 /* StartBtn.m */; };
		09B3C21C1D2929EF00BA0211 /* ArrowAnimationView.m in Sources */ = {isa = PBXBuildFile; fileRef = 09B3C21B1D2929EF00BA0211 /* ArrowAnimationView.m */; };
		09B3C2201D29374900BA0211 /* MainInfoView.m in Sources */ = {isa = PBXBuildFile; fileRef = 09B3C21F1D29374900BA0211 /* MainInfoView.m */; };
		09B3C2231D29375400BA0211 /* AssignInfoView.m in Sources */ = {isa = PBXBuildFile; fileRef = 09B3C2221D29375400BA0211 /* AssignInfoView.m */; };
		09B3C2261D293DF300BA0211 /* AssignInfoSingleCellView.m in Sources */ = {isa = PBXBuildFile; fileRef = 09B3C2251D293DF300BA0211 /* AssignInfoSingleCellView.m */; };
		09B3C2291D2950D600BA0211 /* FlowMenuViewCell.m in Sources */ = {isa = PBXBuildFile; fileRef = 09B3C2281D2950D600BA0211 /* FlowMenuViewCell.m */; };
		09B3C22C1D2958F700BA0211 /* CellDataModel.m in Sources */ = {isa = PBXBuildFile; fileRef = 09B3C22B1D2958F700BA0211 /* CellDataModel.m */; };
		09D2F1B21D1AD2A100093946 /* main.m in Sources */ = {isa = PBXBuildFile; fileRef = 09D2F1B11D1AD2A100093946 /* main.m */; };
		09D2F1B51D1AD2A100093946 /* AppDelegate.m in Sources */ = {isa = PBXBuildFile; fileRef = 09D2F1B41D1AD2A100093946 /* AppDelegate.m */; };
		09D2F1B81D1AD2A100093946 /* ViewController.m in Sources */ = {isa = PBXBuildFile; fileRef = 09D2F1B71D1AD2A100093946 /* ViewController.m */; };
		09D2F1BB1D1AD2A100093946 /* Main.storyboard in Resources */ = {isa = PBXBuildFile; fileRef = 09D2F1B91D1AD2A100093946 /* Main.storyboard */; };
		09D2F1BD1D1AD2A100093946 /* Assets.xcassets in Resources */ = {isa = PBXBuildFile; fileRef = 09D2F1BC1D1AD2A100093946 /* Assets.xcassets */; };
		09D2F1C01D1AD2A100093946 /* LaunchScreen.storyboard in Resources */ = {isa = PBXBuildFile; fileRef = 09D2F1BE1D1AD2A100093946 /* LaunchScreen.storyboard */; };
		09D2F1CB1D1AD2A100093946 /* FlowMenuAnimationTests.m in Sources */ = {isa = PBXBuildFile; fileRef = 09D2F1CA1D1AD2A100093946 /* FlowMenuAnimationTests.m */; };
		09D2F1D61D1AD2A100093946 /* FlowMenuAnimationUITests.m in Sources */ = {isa = PBXBuildFile; fileRef = 09D2F1D51D1AD2A100093946 /* FlowMenuAnimationUITests.m */; };
		09D2F1E51D1AD48100093946 /* FlowMenuView.m in Sources */ = {isa = PBXBuildFile; fileRef = 09D2F1E41D1AD48100093946 /* FlowMenuView.m */; };
		09D2F1E91D1B4F3600093946 /* AssignPointView.m in Sources */ = {isa = PBXBuildFile; fileRef = 09D2F1E81D1B4F3600093946 /* AssignPointView.m */; };
		09D2F1EC1D1B622F00093946 /* ButtonsView.m in Sources */ = {isa = PBXBuildFile; fileRef = 09D2F1EB1D1B622F00093946 /* ButtonsView.m */; };
		09D2F1EF1D1B676200093946 /* SpecialBtn.m in Sources */ = {isa = PBXBuildFile; fileRef = 09D2F1EE1D1B676200093946 /* SpecialBtn.m */; };
		4737B06222D2BBCDBBA273A3 /* libPods-FlowMenuAnimationTests.a in Frameworks */ = {isa = PBXBuildFile; fileRef = 573245771055362E4CB60A7D /* libPods-FlowMenuAnimationTests.a */; };
		68EB719FD9C603BFA488C049 /* libPods-FlowMenuAnimationUITests.a in Frameworks */ = {isa = PBXBuildFile; fileRef = 8A47ADE6F9164AFC185CFA78 /* libPods-FlowMenuAnimationUITests.a */; };
/* End PBXBuildFile section */

/* Begin PBXContainerItemProxy section */
		09D2F1C71D1AD2A100093946 /* PBXContainerItemProxy */ = {
			isa = PBXContainerItemProxy;
			containerPortal = 09D2F1A51D1AD2A100093946 /* Project object */;
			proxyType = 1;
			remoteGlobalIDString = 09D2F1AC1D1AD2A100093946;
			remoteInfo = FlowMenuAnimation;
		};
		09D2F1D21D1AD2A100093946 /* PBXContainerItemProxy */ = {
			isa = PBXContainerItemProxy;
			containerPortal = 09D2F1A51D1AD2A100093946 /* Project object */;
			proxyType = 1;
			remoteGlobalIDString = 09D2F1AC1D1AD2A100093946;
			remoteInfo = FlowMenuAnimation;
		};
/* End PBXContainerItemProxy section */

/* Begin PBXFileReference section */
		09B3C2111D256A7200BA0211 /* AssignPointModel.h */ = {isa = PBXFileReference; fileEncoding = 4; lastKnownFileType = sourcecode.c.h; path = AssignPointModel.h; sourceTree = "<group>"; };
		09B3C2121D256A7200BA0211 /* AssignPointModel.m */ = {isa = PBXFileReference; fileEncoding = 4; lastKnownFileType = sourcecode.c.objc; path = AssignPointModel.m; sourceTree = "<group>"; };
		09B3C2141D2922C700BA0211 /* UIView+SetSize.h */ = {isa = PBXFileReference; fileEncoding = 4; lastKnownFileType = sourcecode.c.h; path = "UIView+SetSize.h"; sourceTree = "<group>"; };
		09B3C2151D2922C700BA0211 /* UIView+SetSize.m */ = {isa = PBXFileReference; fileEncoding = 4; lastKnownFileType = sourcecode.c.objc; path = "UIView+SetSize.m"; sourceTree = "<group>"; };
		09B3C2171D2925DC00BA0211 /* StartBtn.h */ = {isa = PBXFileReference; fileEncoding = 4; lastKnownFileType = sourcecode.c.h; path = StartBtn.h; sourceTree = "<group>"; };
		09B3C2181D2925DC00BA0211 /* StartBtn.m */ = {isa = PBXFileReference; fileEncoding = 4; lastKnownFileType = sourcecode.c.objc; path = StartBtn.m; sourceTree = "<group>"; };
		09B3C21A1D2929EF00BA0211 /* ArrowAnimationView.h */ = {isa = PBXFileReference; fileEncoding = 4; lastKnownFileType = sourcecode.c.h; path = ArrowAnimationView.h; sourceTree = "<group>"; };
		09B3C21B1D2929EF00BA0211 /* ArrowAnimationView.m */ = {isa = PBXFileReference; fileEncoding = 4; lastKnownFileType = sourcecode.c.objc; path = ArrowAnimationView.m; sourceTree = "<group>"; };
		09B3C21E1D29374900BA0211 /* MainInfoView.h */ = {isa = PBXFileReference; fileEncoding = 4; lastKnownFileType = sourcecode.c.h; path = MainInfoView.h; sourceTree = "<group>"; };
		09B3C21F1D29374900BA0211 /* MainInfoView.m */ = {isa = PBXFileReference; fileEncoding = 4; lastKnownFileType = sourcecode.c.objc; path = MainInfoView.m; sourceTree = "<group>"; };
		09B3C2211D29375400BA0211 /* AssignInfoView.h */ = {isa = PBXFileReference; fileEncoding = 4; lastKnownFileType = sourcecode.c.h; path = AssignInfoView.h; sourceTree = "<group>"; };
		09B3C2221D29375400BA0211 /* AssignInfoView.m */ = {isa = PBXFileReference; fileEncoding = 4; lastKnownFileType = sourcecode.c.objc; path = AssignInfoView.m; sourceTree = "<group>"; };
		09B3C2241D293DF300BA0211 /* AssignInfoSingleCellView.h */ = {isa = PBXFileReference; fileEncoding = 4; lastKnownFileType = sourcecode.c.h; path = AssignInfoSingleCellView.h; sourceTree = "<group>"; };
		09B3C2251D293DF300BA0211 /* AssignInfoSingleCellView.m */ = {isa = PBXFileReference; fileEncoding = 4; lastKnownFileType = sourcecode.c.objc; path = AssignInfoSingleCellView.m; sourceTree = "<group>"; };
		09B3C2271D2950D600BA0211 /* FlowMenuViewCell.h */ = {isa = PBXFileReference; fileEncoding = 4; lastKnownFileType = sourcecode.c.h; path = FlowMenuViewCell.h; sourceTree = "<group>"; };
		09B3C2281D2950D600BA0211 /* FlowMenuViewCell.m */ = {isa = PBXFileReference; fileEncoding = 4; lastKnownFileType = sourcecode.c.objc; path = FlowMenuViewCell.m; sourceTree = "<group>"; };
		09B3C22A1D2958F700BA0211 /* CellDataModel.h */ = {isa = PBXFileReference; fileEncoding = 4; lastKnownFileType = sourcecode.c.h; path = CellDataModel.h; sourceTree = "<group>"; };
		09B3C22B1D2958F700BA0211 /* CellDataModel.m */ = {isa = PBXFileReference; fileEncoding = 4; lastKnownFileType = sourcecode.c.objc; path = CellDataModel.m; sourceTree = "<group>"; };
		09D2F1AD1D1AD2A100093946 /* FlowMenuAnimation.app */ = {isa = PBXFileReference; explicitFileType = wrapper.application; includeInIndex = 0; path = FlowMenuAnimation.app; sourceTree = BUILT_PRODUCTS_DIR; };
		09D2F1B11D1AD2A100093946 /* main.m */ = {isa = PBXFileReference; lastKnownFileType = sourcecode.c.objc; path = main.m; sourceTree = "<group>"; };
		09D2F1B31D1AD2A100093946 /* AppDelegate.h */ = {isa = PBXFileReference; lastKnownFileType = sourcecode.c.h; path = AppDelegate.h; sourceTree = "<group>"; };
		09D2F1B41D1AD2A100093946 /* AppDelegate.m */ = {isa = PBXFileReference; lastKnownFileType = sourcecode.c.objc; path = AppDelegate.m; sourceTree = "<group>"; };
		09D2F1B61D1AD2A100093946 /* ViewController.h */ = {isa = PBXFileReference; lastKnownFileType = sourcecode.c.h; path = ViewController.h; sourceTree = "<group>"; };
		09D2F1B71D1AD2A100093946 /* ViewController.m */ = {isa = PBXFileReference; lastKnownFileType = sourcecode.c.objc; path = ViewController.m; sourceTree = "<group>"; };
		09D2F1BA1D1AD2A100093946 /* Base */ = {isa = PBXFileReference; lastKnownFileType = file.storyboard; name = Base; path = Base.lproj/Main.storyboard; sourceTree = "<group>"; };
		09D2F1BC1D1AD2A100093946 /* Assets.xcassets */ = {isa = PBXFileReference; lastKnownFileType = folder.assetcatalog; path = Assets.xcassets; sourceTree = "<group>"; };
		09D2F1BF1D1AD2A100093946 /* Base */ = {isa = PBXFileReference; lastKnownFileType = file.storyboard; name = Base; path = Base.lproj/LaunchScreen.storyboard; sourceTree = "<group>"; };
		09D2F1C11D1AD2A100093946 /* Info.plist */ = {isa = PBXFileReference; lastKnownFileType = text.plist.xml; path = Info.plist; sourceTree = "<group>"; };
		09D2F1C61D1AD2A100093946 /* FlowMenuAnimationTests.xctest */ = {isa = PBXFileReference; explicitFileType = wrapper.cfbundle; includeInIndex = 0; path = FlowMenuAnimationTests.xctest; sourceTree = BUILT_PRODUCTS_DIR; };
		09D2F1CA1D1AD2A100093946 /* FlowMenuAnimationTests.m */ = {isa = PBXFileReference; lastKnownFileType = sourcecode.c.objc; path = FlowMenuAnimationTests.m; sourceTree = "<group>"; };
		09D2F1CC1D1AD2A100093946 /* Info.plist */ = {isa = PBXFileReference; lastKnownFileType = text.plist.xml; path = Info.plist; sourceTree = "<group>"; };
		09D2F1D11D1AD2A100093946 /* FlowMenuAnimationUITests.xctest */ = {isa = PBXFileReference; explicitFileType = wrapper.cfbundle; includeInIndex = 0; path = FlowMenuAnimationUITests.xctest; sourceTree = BUILT_PRODUCTS_DIR; };
		09D2F1D51D1AD2A100093946 /* FlowMenuAnimationUITests.m */ = {isa = PBXFileReference; lastKnownFileType = sourcecode.c.objc; path = FlowMenuAnimationUITests.m; sourceTree = "<group>"; };
		09D2F1D71D1AD2A100093946 /* Info.plist */ = {isa = PBXFileReference; lastKnownFileType = text.plist.xml; path = Info.plist; sourceTree = "<group>"; };
		09D2F1E31D1AD48100093946 /* FlowMenuView.h */ = {isa = PBXFileReference; fileEncoding = 4; lastKnownFileType = sourcecode.c.h; path = FlowMenuView.h; sourceTree = "<group>"; };
		09D2F1E41D1AD48100093946 /* FlowMenuView.m */ = {isa = PBXFileReference; fileEncoding = 4; lastKnownFileType = sourcecode.c.objc; path = FlowMenuView.m; sourceTree = "<group>"; };
		09D2F1E61D1AD7EC00093946 /* PrefixHeader.pch */ = {isa = PBXFileReference; lastKnownFileType = sourcecode.c.h; path = PrefixHeader.pch; sourceTree = "<group>"; };
		09D2F1E71D1B4F3600093946 /* AssignPointView.h */ = {isa = PBXFileReference; fileEncoding = 4; lastKnownFileType = sourcecode.c.h; path = AssignPointView.h; sourceTree = "<group>"; };
		09D2F1E81D1B4F3600093946 /* AssignPointView.m */ = {isa = PBXFileReference; fileEncoding = 4; lastKnownFileType = sourcecode.c.objc; path = AssignPointView.m; sourceTree = "<group>"; };
		09D2F1EA1D1B622F00093946 /* ButtonsView.h */ = {isa = PBXFileReference; fileEncoding = 4; lastKnownFileType = sourcecode.c.h; path = ButtonsView.h; sourceTree = "<group>"; };
		09D2F1EB1D1B622F00093946 /* ButtonsView.m */ = {isa = PBXFileReference; fileEncoding = 4; lastKnownFileType = sourcecode.c.objc; path = ButtonsView.m; sourceTree = "<group>"; };
		09D2F1ED1D1B676200093946 /* SpecialBtn.h */ = {isa = PBXFileReference; fileEncoding = 4; lastKnownFileType = sourcecode.c.h; path = SpecialBtn.h; sourceTree = "<group>"; };
		09D2F1EE1D1B676200093946 /* SpecialBtn.m */ = {isa = PBXFileReference; fileEncoding = 4; lastKnownFileType = sourcecode.c.objc; path = SpecialBtn.m; sourceTree = "<group>"; };
		144B999F0FD119A7CE5EA878 /* Pods-FlowMenuAnimationTests.debug.xcconfig */ = {isa = PBXFileReference; includeInIndex = 1; lastKnownFileType = text.xcconfig; name = "Pods-FlowMenuAnimationTests.debug.xcconfig"; path = "Pods/Target Support Files/Pods-FlowMenuAnimationTests/Pods-FlowMenuAnimationTests.debug.xcconfig"; sourceTree = "<group>"; };
		16502B7B79C95799B0F635A5 /* Pods-FlowMenuAnimationUITests.debug.xcconfig */ = {isa = PBXFileReference; includeInIndex = 1; lastKnownFileType = text.xcconfig; name = "Pods-FlowMenuAnimationUITests.debug.xcconfig"; path = "Pods/Target Support Files/Pods-FlowMenuAnimationUITests/Pods-FlowMenuAnimationUITests.debug.xcconfig"; sourceTree = "<group>"; };
		22821FF2891A7A11F1062330 /* libPods-FlowMenuAnimation.a */ = {isa = PBXFileReference; explicitFileType = archive.ar; includeInIndex = 0; path = "libPods-FlowMenuAnimation.a"; sourceTree = BUILT_PRODUCTS_DIR; };
		4526324CC93B5A7B3AB1CC6C /* Pods-FlowMenuAnimationTests.release.xcconfig */ = {isa = PBXFileReference; includeInIndex = 1; lastKnownFileType = text.xcconfig; name = "Pods-FlowMenuAnimationTests.release.xcconfig"; path = "Pods/Target Support Files/Pods-FlowMenuAnimationTests/Pods-FlowMenuAnimationTests.release.xcconfig"; sourceTree = "<group>"; };
		573245771055362E4CB60A7D /* libPods-FlowMenuAnimationTests.a */ = {isa = PBXFileReference; explicitFileType = archive.ar; includeInIndex = 0; path = "libPods-FlowMenuAnimationTests.a"; sourceTree = BUILT_PRODUCTS_DIR; };
		85664E4502D3CEF89E772F38 /* Pods-FlowMenuAnimation.release.xcconfig */ = {isa = PBXFileReference; includeInIndex = 1; lastKnownFileType = text.xcconfig; name = "Pods-FlowMenuAnimation.release.xcconfig"; path = "Pods/Target Support Files/Pods-FlowMenuAnimation/Pods-FlowMenuAnimation.release.xcconfig"; sourceTree = "<group>"; };
		8A47ADE6F9164AFC185CFA78 /* libPods-FlowMenuAnimationUITests.a */ = {isa = PBXFileReference; explicitFileType = archive.ar; includeInIndex = 0; path = "libPods-FlowMenuAnimationUITests.a"; sourceTree = BUILT_PRODUCTS_DIR; };
		BC7A522106E1AD1C35492903 /* Pods-FlowMenuAnimationUITests.release.xcconfig */ = {isa = PBXFileReference; includeInIndex = 1; lastKnownFileType = text.xcconfig; name = "Pods-FlowMenuAnimationUITests.release.xcconfig"; path = "Pods/Target Support Files/Pods-FlowMenuAnimationUITests/Pods-FlowMenuAnimationUITests.release.xcconfig"; sourceTree = "<group>"; };
		DC1A2ED28E6A41534758164A /* Pods-FlowMenuAnimation.debug.xcconfig */ = {isa = PBXFileReference; includeInIndex = 1; lastKnownFileType = text.xcconfig; name = "Pods-FlowMenuAnimation.debug.xcconfig"; path = "Pods/Target Support Files/Pods-FlowMenuAnimation/Pods-FlowMenuAnimation.debug.xcconfig"; sourceTree = "<group>"; };
/* End PBXFileReference section */

/* Begin PBXFrameworksBuildPhase section */
		09D2F1AA1D1AD2A100093946 /* Frameworks */ = {
			isa = PBXFrameworksBuildPhase;
			buildActionMask = 2147483647;
			files = (
				0264C6C9BF15A2D5E0204372 /* libPods-FlowMenuAnimation.a in Frameworks */,
			);
			runOnlyForDeploymentPostprocessing = 0;
		};
		09D2F1C31D1AD2A100093946 /* Frameworks */ = {
			isa = PBXFrameworksBuildPhase;
			buildActionMask = 2147483647;
			files = (
				4737B06222D2BBCDBBA273A3 /* libPods-FlowMenuAnimationTests.a in Frameworks */,
			);
			runOnlyForDeploymentPostprocessing = 0;
		};
		09D2F1CE1D1AD2A100093946 /* Frameworks */ = {
			isa = PBXFrameworksBuildPhase;
			buildActionMask = 2147483647;
			files = (
				68EB719FD9C603BFA488C049 /* libPods-FlowMenuAnimationUITests.a in Frameworks */,
			);
			runOnlyForDeploymentPostprocessing = 0;
		};
/* End PBXFrameworksBuildPhase section */

/* Begin PBXGroup section */
		09B3C21D1D292D7900BA0211 /* StartBtn */ = {
			isa = PBXGroup;
			children = (
				09B3C2171D2925DC00BA0211 /* StartBtn.h */,
				09B3C2181D2925DC00BA0211 /* StartBtn.m */,
				09B3C21A1D2929EF00BA0211 /* ArrowAnimationView.h */,
				09B3C21B1D2929EF00BA0211 /* ArrowAnimationView.m */,
			);
			name = StartBtn;
			sourceTree = "<group>";
		};
		09B3C22D1D29650000BA0211 /* InfoView */ = {
			isa = PBXGroup;
			children = (
				09B3C21E1D29374900BA0211 /* MainInfoView.h */,
				09B3C21F1D29374900BA0211 /* MainInfoView.m */,
				09B3C2211D29375400BA0211 /* AssignInfoView.h */,
				09B3C2221D29375400BA0211 /* AssignInfoView.m */,
				09B3C2241D293DF300BA0211 /* AssignInfoSingleCellView.h */,
				09B3C2251D293DF300BA0211 /* AssignInfoSingleCellView.m */,
			);
			name = InfoView;
			sourceTree = "<group>";
		};
		09D2F1A41D1AD2A100093946 = {
			isa = PBXGroup;
			children = (
				09D2F1AF1D1AD2A100093946 /* FlowMenuAnimation */,
				09D2F1C91D1AD2A100093946 /* FlowMenuAnimationTests */,
				09D2F1D41D1AD2A100093946 /* FlowMenuAnimationUITests */,
				09D2F1AE1D1AD2A100093946 /* Products */,
				602C53514282065F30C1707B /* Pods */,
				84CE345FA3C3E87AE570BB02 /* Frameworks */,
			);
			sourceTree = "<group>";
		};
		09D2F1AE1D1AD2A100093946 /* Products */ = {
			isa = PBXGroup;
			children = (
				09D2F1AD1D1AD2A100093946 /* FlowMenuAnimation.app */,
				09D2F1C61D1AD2A100093946 /* FlowMenuAnimationTests.xctest */,
				09D2F1D11D1AD2A100093946 /* FlowMenuAnimationUITests.xctest */,
			);
			name = Products;
			sourceTree = "<group>";
		};
		09D2F1AF1D1AD2A100093946 /* FlowMenuAnimation */ = {
			isa = PBXGroup;
			children = (
				09D2F1B31D1AD2A100093946 /* AppDelegate.h */,
				09D2F1B41D1AD2A100093946 /* AppDelegate.m */,
				09D2F1B61D1AD2A100093946 /* ViewController.h */,
				09D2F1B71D1AD2A100093946 /* ViewController.m */,
				09B3C22A1D2958F700BA0211 /* CellDataModel.h */,
				09B3C22B1D2958F700BA0211 /* CellDataModel.m */,
				09B3C2271D2950D600BA0211 /* FlowMenuViewCell.h */,
				09B3C2281D2950D600BA0211 /* FlowMenuViewCell.m */,
				09D2F1E31D1AD48100093946 /* FlowMenuView.h */,
				09D2F1E41D1AD48100093946 /* FlowMenuView.m */,
				09B3C22D1D29650000BA0211 /* InfoView */,
				09B3C21D1D292D7900BA0211 /* StartBtn */,
				09B3C2111D256A7200BA0211 /* AssignPointModel.h */,
				09B3C2121D256A7200BA0211 /* AssignPointModel.m */,
				09D2F1EA1D1B622F00093946 /* ButtonsView.h */,
				09D2F1EB1D1B622F00093946 /* ButtonsView.m */,
				09D2F1ED1D1B676200093946 /* SpecialBtn.h */,
				09D2F1EE1D1B676200093946 /* SpecialBtn.m */,
				09D2F1E71D1B4F3600093946 /* AssignPointView.h */,
				09D2F1E81D1B4F3600093946 /* AssignPointView.m */,
				09B3C2141D2922C700BA0211 /* UIView+SetSize.h */,
				09B3C2151D2922C700BA0211 /* UIView+SetSize.m */,
				09D2F1B91D1AD2A100093946 /* Main.storyboard */,
				09D2F1BC1D1AD2A100093946 /* Assets.xcassets */,
				09D2F1BE1D1AD2A100093946 /* LaunchScreen.storyboard */,
				09D2F1C11D1AD2A100093946 /* Info.plist */,
				09D2F1B01D1AD2A100093946 /* Supporting Files */,
			);
			path = FlowMenuAnimation;
			sourceTree = "<group>";
		};
		09D2F1B01D1AD2A100093946 /* Supporting Files */ = {
			isa = PBXGroup;
			children = (
				09D2F1B11D1AD2A100093946 /* main.m */,
				09D2F1E61D1AD7EC00093946 /* PrefixHeader.pch */,
			);
			name = "Supporting Files";
			sourceTree = "<group>";
		};
		09D2F1C91D1AD2A100093946 /* FlowMenuAnimationTests */ = {
			isa = PBXGroup;
			children = (
				09D2F1CA1D1AD2A100093946 /* FlowMenuAnimationTests.m */,
				09D2F1CC1D1AD2A100093946 /* Info.plist */,
			);
			path = FlowMenuAnimationTests;
			sourceTree = "<group>";
		};
		09D2F1D41D1AD2A100093946 /* FlowMenuAnimationUITests */ = {
			isa = PBXGroup;
			children = (
				09D2F1D51D1AD2A100093946 /* FlowMenuAnimationUITests.m */,
				09D2F1D71D1AD2A100093946 /* Info.plist */,
			);
			path = FlowMenuAnimationUITests;
			sourceTree = "<group>";
		};
		602C53514282065F30C1707B /* Pods */ = {
			isa = PBXGroup;
			children = (
				DC1A2ED28E6A41534758164A /* Pods-FlowMenuAnimation.debug.xcconfig */,
				85664E4502D3CEF89E772F38 /* Pods-FlowMenuAnimation.release.xcconfig */,
				144B999F0FD119A7CE5EA878 /* Pods-FlowMenuAnimationTests.debug.xcconfig */,
				4526324CC93B5A7B3AB1CC6C /* Pods-FlowMenuAnimationTests.release.xcconfig */,
				16502B7B79C95799B0F635A5 /* Pods-FlowMenuAnimationUITests.debug.xcconfig */,
				BC7A522106E1AD1C35492903 /* Pods-FlowMenuAnimationUITests.release.xcconfig */,
			);
			name = Pods;
			sourceTree = "<group>";
		};
		84CE345FA3C3E87AE570BB02 /* Frameworks */ = {
			isa = PBXGroup;
			children = (
				22821FF2891A7A11F1062330 /* libPods-FlowMenuAnimation.a */,
				573245771055362E4CB60A7D /* libPods-FlowMenuAnimationTests.a */,
				8A47ADE6F9164AFC185CFA78 /* libPods-FlowMenuAnimationUITests.a */,
			);
			name = Frameworks;
			sourceTree = "<group>";
		};
/* End PBXGroup section */

/* Begin PBXNativeTarget section */
		09D2F1AC1D1AD2A100093946 /* FlowMenuAnimation */ = {
			isa = PBXNativeTarget;
			buildConfigurationList = 09D2F1DA1D1AD2A100093946 /* Build configuration list for PBXNativeTarget "FlowMenuAnimation" */;
			buildPhases = (
				DE9C393B6BED615E252D6C7D /* [CP] Check Pods Manifest.lock */,
				09D2F1A91D1AD2A100093946 /* Sources */,
				09D2F1AA1D1AD2A100093946 /* Frameworks */,
				09D2F1AB1D1AD2A100093946 /* Resources */,
				67391BCB93869D55E008B46D /* [CP] Embed Pods Frameworks */,
				571C4E9CD23C76F19F346A27 /* [CP] Copy Pods Resources */,
			);
			buildRules = (
			);
			dependencies = (
			);
			name = FlowMenuAnimation;
			productName = FlowMenuAnimation;
			productReference = 09D2F1AD1D1AD2A100093946 /* FlowMenuAnimation.app */;
			productType = "com.apple.product-type.application";
		};
		09D2F1C51D1AD2A100093946 /* FlowMenuAnimationTests */ = {
			isa = PBXNativeTarget;
			buildConfigurationList = 09D2F1DD1D1AD2A100093946 /* Build configuration list for PBXNativeTarget "FlowMenuAnimationTests" */;
			buildPhases = (
				4745C0DA8403DE78BE85099F /* [CP] Check Pods Manifest.lock */,
				09D2F1C21D1AD2A100093946 /* Sources */,
				09D2F1C31D1AD2A100093946 /* Frameworks */,
				09D2F1C41D1AD2A100093946 /* Resources */,
				5AD5D9940730B9DB8692FA5C /* [CP] Embed Pods Frameworks */,
				52C0D8D257D7D83A84D4EA54 /* [CP] Copy Pods Resources */,
			);
			buildRules = (
			);
			dependencies = (
				09D2F1C81D1AD2A100093946 /* PBXTargetDependency */,
			);
			name = FlowMenuAnimationTests;
			productName = FlowMenuAnimationTests;
			productReference = 09D2F1C61D1AD2A100093946 /* FlowMenuAnimationTests.xctest */;
			productType = "com.apple.product-type.bundle.unit-test";
		};
		09D2F1D01D1AD2A100093946 /* FlowMenuAnimationUITests */ = {
			isa = PBXNativeTarget;
			buildConfigurationList = 09D2F1E01D1AD2A100093946 /* Build configuration list for PBXNativeTarget "FlowMenuAnimationUITests" */;
			buildPhases = (
				776AEBD3B6551BE615916BB3 /* [CP] Check Pods Manifest.lock */,
				09D2F1CD1D1AD2A100093946 /* Sources */,
				09D2F1CE1D1AD2A100093946 /* Frameworks */,
				09D2F1CF1D1AD2A100093946 /* Resources */,
				8BC6F2A375BEE05E8F716D67 /* [CP] Embed Pods Frameworks */,
				FF6216CD64D1E4A0D96D6F55 /* [CP] Copy Pods Resources */,
			);
			buildRules = (
			);
			dependencies = (
				09D2F1D31D1AD2A100093946 /* PBXTargetDependency */,
			);
			name = FlowMenuAnimationUITests;
			productName = FlowMenuAnimationUITests;
			productReference = 09D2F1D11D1AD2A100093946 /* FlowMenuAnimationUITests.xctest */;
			productType = "com.apple.product-type.bundle.ui-testing";
		};
/* End PBXNativeTarget section */

/* Begin PBXProject section */
		09D2F1A51D1AD2A100093946 /* Project object */ = {
			isa = PBXProject;
			attributes = {
				LastUpgradeCheck = 0730;
				ORGANIZATIONNAME = Bear;
				TargetAttributes = {
					09D2F1AC1D1AD2A100093946 = {
						CreatedOnToolsVersion = 7.3.1;
					};
					09D2F1C51D1AD2A100093946 = {
						CreatedOnToolsVersion = 7.3.1;
						TestTargetID = 09D2F1AC1D1AD2A100093946;
					};
					09D2F1D01D1AD2A100093946 = {
						CreatedOnToolsVersion = 7.3.1;
						TestTargetID = 09D2F1AC1D1AD2A100093946;
					};
				};
			};
			buildConfigurationList = 09D2F1A81D1AD2A100093946 /* Build configuration list for PBXProject "FlowMenuAnimation" */;
			compatibilityVersion = "Xcode 3.2";
			developmentRegion = English;
			hasScannedForEncodings = 0;
			knownRegions = (
				en,
				Base,
			);
			mainGroup = 09D2F1A41D1AD2A100093946;
			productRefGroup = 09D2F1AE1D1AD2A100093946 /* Products */;
			projectDirPath = "";
			projectRoot = "";
			targets = (
				09D2F1AC1D1AD2A100093946 /* FlowMenuAnimation */,
				09D2F1C51D1AD2A100093946 /* FlowMenuAnimationTests */,
				09D2F1D01D1AD2A100093946 /* FlowMenuAnimationUITests */,
			);
		};
/* End PBXProject section */

/* Begin PBXResourcesBuildPhase section */
		09D2F1AB1D1AD2A100093946 /* Resources */ = {
			isa = PBXResourcesBuildPhase;
			buildActionMask = 2147483647;
			files = (
				09D2F1C01D1AD2A100093946 /* LaunchScreen.storyboard in Resources */,
				09D2F1BD1D1AD2A100093946 /* Assets.xcassets in Resources */,
				09D2F1BB1D1AD2A100093946 /* Main.storyboard in Resources */,
			);
			runOnlyForDeploymentPostprocessing = 0;
		};
		09D2F1C41D1AD2A100093946 /* Resources */ = {
			isa = PBXResourcesBuildPhase;
			buildActionMask = 2147483647;
			files = (
			);
			runOnlyForDeploymentPostprocessing = 0;
		};
		09D2F1CF1D1AD2A100093946 /* Resources */ = {
			isa = PBXResourcesBuildPhase;
			buildActionMask = 2147483647;
			files = (
			);
			runOnlyForDeploymentPostprocessing = 0;
		};
/* End PBXResourcesBuildPhase section */

/* Begin PBXShellScriptBuildPhase section */
		4745C0DA8403DE78BE85099F /* [CP] Check Pods Manifest.lock */ = {
			isa = PBXShellScriptBuildPhase;
			buildActionMask = 2147483647;
			files = (
			);
			inputPaths = (
			);
			name = "[CP] Check Pods Manifest.lock";
			outputPaths = (
			);
			runOnlyForDeploymentPostprocessing = 0;
			shellPath = /bin/sh;
			shellScript = "diff \"${PODS_PODFILE_DIR_PATH}/Podfile.lock\" \"${PODS_ROOT}/Manifest.lock\" > /dev/null\nif [ $? != 0 ] ; then\n    # print error to STDERR\n    echo \"error: The sandbox is not in sync with the Podfile.lock. Run 'pod install' or update your CocoaPods installation.\" >&2\n    exit 1\nfi\n";
			showEnvVarsInLog = 0;
		};
		52C0D8D257D7D83A84D4EA54 /* [CP] Copy Pods Resources */ = {
			isa = PBXShellScriptBuildPhase;
			buildActionMask = 2147483647;
			files = (
			);
			inputPaths = (
			);
			name = "[CP] Copy Pods Resources";
			outputPaths = (
			);
			runOnlyForDeploymentPostprocessing = 0;
			shellPath = /bin/sh;
			shellScript = "\"${SRCROOT}/Pods/Target Support Files/Pods-FlowMenuAnimationTests/Pods-FlowMenuAnimationTests-resources.sh\"\n";
			showEnvVarsInLog = 0;
		};
		571C4E9CD23C76F19F346A27 /* [CP] Copy Pods Resources */ = {
			isa = PBXShellScriptBuildPhase;
			buildActionMask = 2147483647;
			files = (
			);
			inputPaths = (
			);
			name = "[CP] Copy Pods Resources";
			outputPaths = (
			);
			runOnlyForDeploymentPostprocessing = 0;
			shellPath = /bin/sh;
			shellScript = "\"${SRCROOT}/Pods/Target Support Files/Pods-FlowMenuAnimation/Pods-FlowMenuAnimation-resources.sh\"\n";
			showEnvVarsInLog = 0;
		};
		5AD5D9940730B9DB8692FA5C /* [CP] Embed Pods Frameworks */ = {
			isa = PBXShellScriptBuildPhase;
			buildActionMask = 2147483647;
			files = (
			);
			inputPaths = (
			);
			name = "[CP] Embed Pods Frameworks";
			outputPaths = (
			);
			runOnlyForDeploymentPostprocessing = 0;
			shellPath = /bin/sh;
			shellScript = "\"${SRCROOT}/Pods/Target Support Files/Pods-FlowMenuAnimationTests/Pods-FlowMenuAnimationTests-frameworks.sh\"\n";
			showEnvVarsInLog = 0;
		};
		67391BCB93869D55E008B46D /* [CP] Embed Pods Frameworks */ = {
			isa = PBXShellScriptBuildPhase;
			buildActionMask = 2147483647;
			files = (
			);
			inputPaths = (
			);
			name = "[CP] Embed Pods Frameworks";
			outputPaths = (
			);
			runOnlyForDeploymentPostprocessing = 0;
			shellPath = /bin/sh;
			shellScript = "\"${SRCROOT}/Pods/Target Support Files/Pods-FlowMenuAnimation/Pods-FlowMenuAnimation-frameworks.sh\"\n";
			showEnvVarsInLog = 0;
		};
		776AEBD3B6551BE615916BB3 /* [CP] Check Pods Manifest.lock */ = {
			isa = PBXShellScriptBuildPhase;
			buildActionMask = 2147483647;
			files = (
			);
			inputPaths = (
			);
			name = "[CP] Check Pods Manifest.lock";
			outputPaths = (
			);
			runOnlyForDeploymentPostprocessing = 0;
			shellPath = /bin/sh;
			shellScript = "diff \"${PODS_PODFILE_DIR_PATH}/Podfile.lock\" \"${PODS_ROOT}/Manifest.lock\" > /dev/null\nif [ $? != 0 ] ; then\n    # print error to STDERR\n    echo \"error: The sandbox is not in sync with the Podfile.lock. Run 'pod install' or update your CocoaPods installation.\" >&2\n    exit 1\nfi\n";
			showEnvVarsInLog = 0;
		};
		8BC6F2A375BEE05E8F716D67 /* [CP] Embed Pods Frameworks */ = {
			isa = PBXShellScriptBuildPhase;
			buildActionMask = 2147483647;
			files = (
			);
			inputPaths = (
			);
			name = "[CP] Embed Pods Frameworks";
			outputPaths = (
			);
			runOnlyForDeploymentPostprocessing = 0;
			shellPath = /bin/sh;
			shellScript = "\"${SRCROOT}/Pods/Target Support Files/Pods-FlowMenuAnimationUITests/Pods-FlowMenuAnimationUITests-frameworks.sh\"\n";
			showEnvVarsInLog = 0;
		};
		DE9C393B6BED615E252D6C7D /* [CP] Check Pods Manifest.lock */ = {
			isa = PBXShellScriptBuildPhase;
			buildActionMask = 2147483647;
			files = (
			);
			inputPaths = (
			);
			name = "[CP] Check Pods Manifest.lock";
			outputPaths = (
			);
			runOnlyForDeploymentPostprocessing = 0;
			shellPath = /bin/sh;
			shellScript = "diff \"${PODS_PODFILE_DIR_PATH}/Podfile.lock\" \"${PODS_ROOT}/Manifest.lock\" > /dev/null\nif [ $? != 0 ] ; then\n    # print error to STDERR\n    echo \"error: The sandbox is not in sync with the Podfile.lock. Run 'pod install' or update your CocoaPods installation.\" >&2\n    exit 1\nfi\n";
			showEnvVarsInLog = 0;
		};
		FF6216CD64D1E4A0D96D6F55 /* [CP] Copy Pods Resources */ = {
			isa = PBXShellScriptBuildPhase;
			buildActionMask = 2147483647;
			files = (
			);
			inputPaths = (
			);
			name = "[CP] Copy Pods Resources";
			outputPaths = (
			);
			runOnlyForDeploymentPostprocessing = 0;
			shellPath = /bin/sh;
			shellScript = "\"${SRCROOT}/Pods/Target Support Files/Pods-FlowMenuAnimationUITests/Pods-FlowMenuAnimationUITests-resources.sh\"\n";
			showEnvVarsInLog = 0;
		};
/* End PBXShellScriptBuildPhase section */

/* Begin PBXSourcesBuildPhase section */
		09D2F1A91D1AD2A100093946 /* Sources */ = {
			isa = PBXSourcesBuildPhase;
			buildActionMask = 2147483647;
			files = (
				09B3C2231D29375400BA0211 /* AssignInfoView.m in Sources */,
				09B3C2161D2922C700BA0211 /* UIView+SetSize.m in Sources */,
				09B3C2201D29374900BA0211 /* MainInfoView.m in Sources */,
				09D2F1EC1D1B622F00093946 /* ButtonsView.m in Sources */,
				09D2F1B81D1AD2A100093946 /* ViewController.m in Sources */,
				09B3C22C1D2958F700BA0211 /* CellDataModel.m in Sources */,
				09B3C2191D2925DC00BA0211 /* StartBtn.m in Sources */,
				09D2F1EF1D1B676200093946 /* SpecialBtn.m in Sources */,
				09B3C21C1D2929EF00BA0211 /* ArrowAnimationView.m in Sources */,
				09D2F1E51D1AD48100093946 /* FlowMenuView.m in Sources */,
				09D2F1B51D1AD2A100093946 /* AppDelegate.m in Sources */,
				09B3C2131D256A7200BA0211 /* AssignPointModel.m in Sources */,
				09D2F1B21D1AD2A100093946 /* main.m in Sources */,
				09D2F1E91D1B4F3600093946 /* AssignPointView.m in Sources */,
				09B3C2291D2950D600BA0211 /* FlowMenuViewCell.m in Sources */,
				09B3C2261D293DF300BA0211 /* AssignInfoSingleCellView.m in Sources */,
			);
			runOnlyForDeploymentPostprocessing = 0;
		};
		09D2F1C21D1AD2A100093946 /* Sources */ = {
			isa = PBXSourcesBuildPhase;
			buildActionMask = 2147483647;
			files = (
				09D2F1CB1D1AD2A100093946 /* FlowMenuAnimationTests.m in Sources */,
			);
			runOnlyForDeploymentPostprocessing = 0;
		};
		09D2F1CD1D1AD2A100093946 /* Sources */ = {
			isa = PBXSourcesBuildPhase;
			buildActionMask = 2147483647;
			files = (
				09D2F1D61D1AD2A100093946 /* FlowMenuAnimationUITests.m in Sources */,
			);
			runOnlyForDeploymentPostprocessing = 0;
		};
/* End PBXSourcesBuildPhase section */

/* Begin PBXTargetDependency section */
		09D2F1C81D1AD2A100093946 /* PBXTargetDependency */ = {
			isa = PBXTargetDependency;
			target = 09D2F1AC1D1AD2A100093946 /* FlowMenuAnimation */;
			targetProxy = 09D2F1C71D1AD2A100093946 /* PBXContainerItemProxy */;
		};
		09D2F1D31D1AD2A100093946 /* PBXTargetDependency */ = {
			isa = PBXTargetDependency;
			target = 09D2F1AC1D1AD2A100093946 /* FlowMenuAnimation */;
			targetProxy = 09D2F1D21D1AD2A100093946 /* PBXContainerItemProxy */;
		};
/* End PBXTargetDependency section */

/* Begin PBXVariantGroup section */
		09D2F1B91D1AD2A100093946 /* Main.storyboard */ = {
			isa = PBXVariantGroup;
			children = (
				09D2F1BA1D1AD2A100093946 /* Base */,
			);
			name = Main.storyboard;
			sourceTree = "<group>";
		};
		09D2F1BE1D1AD2A100093946 /* LaunchScreen.storyboard */ = {
			isa = PBXVariantGroup;
			children = (
				09D2F1BF1D1AD2A100093946 /* Base */,
			);
			name = LaunchScreen.storyboard;
			sourceTree = "<group>";
		};
/* End PBXVariantGroup section */

/* Begin XCBuildConfiguration section */
		09D2F1D81D1AD2A100093946 /* Debug */ = {
			isa = XCBuildConfiguration;
			buildSettings = {
				ALWAYS_SEARCH_USER_PATHS = NO;
				CLANG_ANALYZER_NONNULL = YES;
				CLANG_CXX_LANGUAGE_STANDARD = "gnu++0x";
				CLANG_CXX_LIBRARY = "libc++";
				CLANG_ENABLE_MODULES = YES;
				CLANG_ENABLE_OBJC_ARC = YES;
				CLANG_WARN_BOOL_CONVERSION = YES;
				CLANG_WARN_CONSTANT_CONVERSION = YES;
				CLANG_WARN_DIRECT_OBJC_ISA_USAGE = YES_ERROR;
				CLANG_WARN_EMPTY_BODY = YES;
				CLANG_WARN_ENUM_CONVERSION = YES;
				CLANG_WARN_INT_CONVERSION = YES;
				CLANG_WARN_OBJC_ROOT_CLASS = YES_ERROR;
				CLANG_WARN_UNREACHABLE_CODE = YES;
				CLANG_WARN__DUPLICATE_METHOD_MATCH = YES;
				"CODE_SIGN_IDENTITY[sdk=iphoneos*]" = "iPhone Developer";
				COPY_PHASE_STRIP = NO;
				DEBUG_INFORMATION_FORMAT = dwarf;
				ENABLE_STRICT_OBJC_MSGSEND = YES;
				ENABLE_TESTABILITY = YES;
				GCC_C_LANGUAGE_STANDARD = gnu99;
				GCC_DYNAMIC_NO_PIC = NO;
				GCC_NO_COMMON_BLOCKS = YES;
				GCC_OPTIMIZATION_LEVEL = 0;
				GCC_PREPROCESSOR_DEFINITIONS = (
					"DEBUG=1",
					"$(inherited)",
				);
				GCC_WARN_64_TO_32_BIT_CONVERSION = YES;
				GCC_WARN_ABOUT_RETURN_TYPE = YES_ERROR;
				GCC_WARN_UNDECLARED_SELECTOR = YES;
				GCC_WARN_UNINITIALIZED_AUTOS = YES_AGGRESSIVE;
				GCC_WARN_UNUSED_FUNCTION = YES;
				GCC_WARN_UNUSED_VARIABLE = YES;
				IPHONEOS_DEPLOYMENT_TARGET = 9.3;
				MTL_ENABLE_DEBUG_INFO = YES;
				ONLY_ACTIVE_ARCH = YES;
				SDKROOT = iphoneos;
				TARGETED_DEVICE_FAMILY = "1,2";
			};
			name = Debug;
		};
		09D2F1D91D1AD2A100093946 /* Release */ = {
			isa = XCBuildConfiguration;
			buildSettings = {
				ALWAYS_SEARCH_USER_PATHS = NO;
				CLANG_ANALYZER_NONNULL = YES;
				CLANG_CXX_LANGUAGE_STANDARD = "gnu++0x";
				CLANG_CXX_LIBRARY = "libc++";
				CLANG_ENABLE_MODULES = YES;
				CLANG_ENABLE_OBJC_ARC = YES;
				CLANG_WARN_BOOL_CONVERSION = YES;
				CLANG_WARN_CONSTANT_CONVERSION = YES;
				CLANG_WARN_DIRECT_OBJC_ISA_USAGE = YES_ERROR;
				CLANG_WARN_EMPTY_BODY = YES;
				CLANG_WARN_ENUM_CONVERSION = YES;
				CLANG_WARN_INT_CONVERSION = YES;
				CLANG_WARN_OBJC_ROOT_CLASS = YES_ERROR;
				CLANG_WARN_UNREACHABLE_CODE = YES;
				CLANG_WARN__DUPLICATE_METHOD_MATCH = YES;
				"CODE_SIGN_IDENTITY[sdk=iphoneos*]" = "iPhone Developer";
				COPY_PHASE_STRIP = NO;
				DEBUG_INFORMATION_FORMAT = "dwarf-with-dsym";
				ENABLE_NS_ASSERTIONS = NO;
				ENABLE_STRICT_OBJC_MSGSEND = YES;
				GCC_C_LANGUAGE_STANDARD = gnu99;
				GCC_NO_COMMON_BLOCKS = YES;
				GCC_WARN_64_TO_32_BIT_CONVERSION = YES;
				GCC_WARN_ABOUT_RETURN_TYPE = YES_ERROR;
				GCC_WARN_UNDECLARED_SELECTOR = YES;
				GCC_WARN_UNINITIALIZED_AUTOS = YES_AGGRESSIVE;
				GCC_WARN_UNUSED_FUNCTION = YES;
				GCC_WARN_UNUSED_VARIABLE = YES;
				IPHONEOS_DEPLOYMENT_TARGET = 9.3;
				MTL_ENABLE_DEBUG_INFO = NO;
				SDKROOT = iphoneos;
				TARGETED_DEVICE_FAMILY = "1,2";
				VALIDATE_PRODUCT = YES;
			};
			name = Release;
		};
		09D2F1DB1D1AD2A100093946 /* Debug */ = {
			isa = XCBuildConfiguration;
			baseConfigurationReference = DC1A2ED28E6A41534758164A /* Pods-FlowMenuAnimation.debug.xcconfig */;
			buildSettings = {
				ASSETCATALOG_COMPILER_APPICON_NAME = AppIcon;
				CODE_SIGN_IDENTITY = "iPhone Developer";
				"CODE_SIGN_IDENTITY[sdk=iphoneos*]" = "iPhone Developer";
				GCC_PREFIX_HEADER = "$(SRCROOT)/FlowMenuAnimation/PrefixHeader.pch";
				INFOPLIST_FILE = FlowMenuAnimation/Info.plist;
				IPHONEOS_DEPLOYMENT_TARGET = 7.0;
				LD_RUNPATH_SEARCH_PATHS = "$(inherited) @executable_path/Frameworks";
				PRODUCT_BUNDLE_IDENTIFIER = com.lx.jqm;
				PRODUCT_NAME = "$(TARGET_NAME)";
				PROVISIONING_PROFILE = "";
			};
			name = Debug;
		};
		09D2F1DC1D1AD2A100093946 /* Release */ = {
			isa = XCBuildConfiguration;
			baseConfigurationReference = 85664E4502D3CEF89E772F38 /* Pods-FlowMenuAnimation.release.xcconfig */;
			buildSettings = {
				ASSETCATALOG_COMPILER_APPICON_NAME = AppIcon;
				CODE_SIGN_IDENTITY = "iPhone Developer";
				"CODE_SIGN_IDENTITY[sdk=iphoneos*]" = "iPhone Developer";
				GCC_PREFIX_HEADER = "$(SRCROOT)/FlowMenuAnimation/PrefixHeader.pch";
				INFOPLIST_FILE = FlowMenuAnimation/Info.plist;
				IPHONEOS_DEPLOYMENT_TARGET = 7.0;
				LD_RUNPATH_SEARCH_PATHS = "$(inherited) @executable_path/Frameworks";
				PRODUCT_BUNDLE_IDENTIFIER = com.lx.jqm;
				PRODUCT_NAME = "$(TARGET_NAME)";
				PROVISIONING_PROFILE = "";
			};
			name = Release;
		};
		09D2F1DE1D1AD2A100093946 /* Debug */ = {
			isa = XCBuildConfiguration;
			baseConfigurationReference = 144B999F0FD119A7CE5EA878 /* Pods-FlowMenuAnimationTests.debug.xcconfig */;
			buildSettings = {
				BUNDLE_LOADER = "$(TEST_HOST)";
				INFOPLIST_FILE = FlowMenuAnimationTests/Info.plist;
				LD_RUNPATH_SEARCH_PATHS = "$(inherited) @executable_path/Frameworks @loader_path/Frameworks";
				PRODUCT_BUNDLE_IDENTIFIER = BearWorkSpace.FlowMenuAnimationTests;
				PRODUCT_NAME = "$(TARGET_NAME)";
				TEST_HOST = "$(BUILT_PRODUCTS_DIR)/FlowMenuAnimation.app/FlowMenuAnimation";
			};
			name = Debug;
		};
		09D2F1DF1D1AD2A100093946 /* Release */ = {
			isa = XCBuildConfiguration;
			baseConfigurationReference = 4526324CC93B5A7B3AB1CC6C /* Pods-FlowMenuAnimationTests.release.xcconfig */;
			buildSettings = {
				BUNDLE_LOADER = "$(TEST_HOST)";
				INFOPLIST_FILE = FlowMenuAnimationTests/Info.plist;
				LD_RUNPATH_SEARCH_PATHS = "$(inherited) @executable_path/Frameworks @loader_path/Frameworks";
				PRODUCT_BUNDLE_IDENTIFIER = BearWorkSpace.FlowMenuAnimationTests;
				PRODUCT_NAME = "$(TARGET_NAME)";
				TEST_HOST = "$(BUILT_PRODUCTS_DIR)/FlowMenuAnimation.app/FlowMenuAnimation";
			};
			name = Release;
		};
		09D2F1E11D1AD2A100093946 /* Debug */ = {
			isa = XCBuildConfiguration;
			baseConfigurationReference = 16502B7B79C95799B0F635A5 /* Pods-FlowMenuAnimationUITests.debug.xcconfig */;
			buildSettings = {
				INFOPLIST_FILE = FlowMenuAnimationUITests/Info.plist;
				LD_RUNPATH_SEARCH_PATHS = "$(inherited) @executable_path/Frameworks @loader_path/Frameworks";
				PRODUCT_BUNDLE_IDENTIFIER = BearWorkSpace.FlowMenuAnimationUITests;
				PRODUCT_NAME = "$(TARGET_NAME)";
				TEST_TARGET_NAME = FlowMenuAnimation;
			};
			name = Debug;
		};
		09D2F1E21D1AD2A100093946 /* Release */ = {
			isa = XCBuildConfiguration;
			baseConfigurationReference = BC7A522106E1AD1C35492903 /* Pods-FlowMenuAnimationUITests.release.xcconfig */;
			buildSettings = {
				INFOPLIST_FILE = FlowMenuAnimationUITests/Info.plist;
				LD_RUNPATH_SEARCH_PATHS = "$(inherited) @executable_path/Frameworks @loader_path/Frameworks";
				PRODUCT_BUNDLE_IDENTIFIER = BearWorkSpace.FlowMenuAnimationUITests;
				PRODUCT_NAME = "$(TARGET_NAME)";
				TEST_TARGET_NAME = FlowMenuAnimation;
			};
			name = Release;
		};
/* End XCBuildConfiguration section */

/* Begin XCConfigurationList section */
		09D2F1A81D1AD2A100093946 /* Build configuration list for PBXProject "FlowMenuAnimation" */ = {
			isa = XCConfigurationList;
			buildConfigurations = (
				09D2F1D81D1AD2A100093946 /* Debug */,
				09D2F1D91D1AD2A100093946 /* Release */,
			);
			defaultConfigurationIsVisible = 0;
			defaultConfigurationName = Release;
		};
		09D2F1DA1D1AD2A100093946 /* Build configuration list for PBXNativeTarget "FlowMenuAnimation" */ = {
			isa = XCConfigurationList;
			buildConfigurations = (
				09D2F1DB1D1AD2A100093946 /* Debug */,
				09D2F1DC1D1AD2A100093946 /* Release */,
			);
			defaultConfigurationIsVisible = 0;
			defaultConfigurationName = Release;
		};
		09D2F1DD1D1AD2A100093946 /* Build configuration list for PBXNativeTarget "FlowMenuAnimationTests" */ = {
			isa = XCConfigurationList;
			buildConfigurations = (
				09D2F1DE1D1AD2A100093946 /* Debug */,
				09D2F1DF1D1AD2A100093946 /* Release */,
			);
			defaultConfigurationIsVisible = 0;
			defaultConfigurationName = Release;
		};
		09D2F1E01D1AD2A100093946 /* Build configuration list for PBXNativeTarget "FlowMenuAnimationUITests" */ = {
			isa = XCConfigurationList;
			buildConfigurations = (
				09D2F1E11D1AD2A100093946 /* Debug */,
				09D2F1E21D1AD2A100093946 /* Release */,
			);
			defaultConfigurationIsVisible = 0;
			defaultConfigurationName = Release;
		};
/* End XCConfigurationList section */
	};
	rootObject = 09D2F1A51D1AD2A100093946 /* Project object */;
}
